<?xml version="1.0" encoding="utf-8"?>
<Project ToolsVersion="4.0" xmlns="http://schemas.microsoft.com/developer/msbuild/2003">
  <ItemGroup>
    <Filter Include="Source Files">
      <UniqueIdentifier>{4FC737F1-C7A5-4376-A066-2A32D752A2FF}</UniqueIdentifier>
      <Extensions>cpp;c;cc;cxx;def;odl;idl;hpj;bat;asm;asmx</Extensions>
    </Filter>
    <Filter Include="Header Files">
      <UniqueIdentifier>{93995380-89BD-4b04-88EB-625FBE52EBFB}</UniqueIdentifier>
      <Extensions>h;hpp;hxx;hm;inl;inc;xsd</Extensions>
    </Filter>
    <Filter Include="Resource Files">
      <UniqueIdentifier>{67DA6AB6-F800-4c08-8B7A-83BB121AAD01}</UniqueIdentifier>
      <Extensions>rc;ico;cur;bmp;dlg;rc2;rct;bin;rgs;gif;jpg;jpeg;jpe;resx;tiff;tif;png;wav;mfcribbon-ms</Extensions>
    </Filter>
    <Filter Include="Header Files\volume">
      <UniqueIdentifier>{40727a0e-1530-4dd3-866f-3a4cebd3eb93}</UniqueIdentifier>
    </Filter>
    <Filter Include="Header Files\image">
      <UniqueIdentifier>{bed90536-cf63-43a0-8d16-bd7f92f9b0ec}</UniqueIdentifier>
    </Filter>
    <Filter Include="Source Files\image">
      <UniqueIdentifier>{075c8d9c-48a0-41b2-bb36-4de7ced719db}</UniqueIdentifier>
    </Filter>
    <Filter Include="Header Files\shaders">
      <UniqueIdentifier>{897e43c1-4de8-44e4-abe9-454893801969}</UniqueIdentifier>
    </Filter>
    <Filter Include="Source Files\shaders">
      <UniqueIdentifier>{c5daab70-75c4-4026-b371-6f7ec32db487}</UniqueIdentifier>
    </Filter>
  </ItemGroup>
  <ItemGroup>
    <ClCompile Include="main.cpp">
      <Filter>Source Files</Filter>
    </ClCompile>
    <ClCompile Include="image\TextureHandler.cpp">
      <Filter>Source Files\image</Filter>
    </ClCompile>
    <ClCompile Include="shaders\ShaderHandler.cpp">
      <Filter>Source Files\shaders</Filter>
    </ClCompile>
  </ItemGroup>
  <ItemGroup>
    <ClInclude Include="image\TextureHandler.h">
      <Filter>Header Files\image</Filter>
    </ClInclude>
    <ClInclude Include="shaders\ShaderHandler.h">
      <Filter>Header Files\shaders</Filter>
    </ClInclude>
    <ClInclude Include="shaders\ShadersSource.h">
      <Filter>Header Files\shaders</Filter>
    </ClInclude>
    <ClInclude Include="volume\VolumeGeometry.h">
      <Filter>Header Files\volume</Filter>
    </ClInclude>
  </ItemGroup>
  <ItemGroup>
    <None Include="shaders\fragmentShader.frag">
      <Filter>Resource Files</Filter>
    </None>
    <None Include="shaders\vertexShader.vert">
      <Filter>Resource Files</Filter>
    </None>
  </ItemGroup>
</Project>